
Microsoft Visual Studio Solution File, Format Version 12.00
# Visual Studio Version 17
VisualStudioVersion = 17.5.002.0
MinimumVisualStudioVersion = 10.0.40219.1
Project("{9A19103F-16F7-4668-BE54-9A1E7A4F7556}") = "Product_manager", "Product_manager.csproj", "{86976E82-9053-4A8A-9FF0-8CC1155C4308}"
EndProject
Global
	GlobalSection(SolutionConfigurationPlatforms) = preSolution
		Debug|Any CPU = Debug|Any CPU
		Release|Any CPU = Release|Any CPU
	EndGlobalSection
	GlobalSection(ProjectConfigurationPlatforms) = postSolution
		{86976E82-9053-4A8A-9FF0-8CC1155C4308}.Debug|Any CPU.ActiveCfg = Debug|Any CPU
		{86976E82-9053-4A8A-9FF0-8CC1155C4308}.Debug|Any CPU.Build.0 = Debug|Any CPU
		{86976E82-9053-4A8A-9FF0-8CC1155C4308}.Release|Any CPU.ActiveCfg = Release|Any CPU
		{86976E82-9053-4A8A-9FF0-8CC1155C4308}.Release|Any CPU.Build.0 = Release|Any CPU
	EndGlobalSection
	GlobalSection(SolutionProperties) = preSolution
		HideSolutionNode = FALSE
	EndGlobalSection
	GlobalSection(ExtensibilityGlobals) = postSolution
		SolutionGuid = {8C8DA36F-FFA7-48F1-A793-D0C573F24486}
	EndGlobalSection
EndGlobal
